
Microsoft Visual Studio Solution File, Format Version 12.00
Project("{F2A71F9B-5D33-465A-A702-920D77279786}") = "Factorial", "Factorial\Factorial.fsproj", "{116582F0-11AE-497C-B234-DEAF60960FEC}"
EndProject
Global
	GlobalSection(SolutionConfigurationPlatforms) = preSolution
		Debug|Any CPU = Debug|Any CPU
		Release|Any CPU = Release|Any CPU
	EndGlobalSection
	GlobalSection(ProjectConfigurationPlatforms) = postSolution
		{116582F0-11AE-497C-B234-DEAF60960FEC}.Debug|Any CPU.ActiveCfg = Debug|Any CPU
		{116582F0-11AE-497C-B234-DEAF60960FEC}.Debug|Any CPU.Build.0 = Debug|Any CPU
		{116582F0-11AE-497C-B234-DEAF60960FEC}.Release|Any CPU.ActiveCfg = Release|Any CPU
		{116582F0-11AE-497C-B234-DEAF60960FEC}.Release|Any CPU.Build.0 = Release|Any CPU
	EndGlobalSection
EndGlobal
