
Microsoft Visual Studio Solution File, Format Version 12.00
Project("{F2A71F9B-5D33-465A-A702-920D77279786}") = "Test1", "Test1\Test1.fsproj", "{B6C011DF-0C6B-4A3C-B5BD-7C3C3F333835}"
EndProject
Project("{F2A71F9B-5D33-465A-A702-920D77279786}") = "Test1.Tests", "Test1.Tests\Test1.Tests.fsproj", "{885B30F3-708F-457F-A3A2-977170398DFE}"
EndProject
Global
	GlobalSection(SolutionConfigurationPlatforms) = preSolution
		Debug|Any CPU = Debug|Any CPU
		Release|Any CPU = Release|Any CPU
	EndGlobalSection
	GlobalSection(ProjectConfigurationPlatforms) = postSolution
		{B6C011DF-0C6B-4A3C-B5BD-7C3C3F333835}.Debug|Any CPU.ActiveCfg = Debug|Any CPU
		{B6C011DF-0C6B-4A3C-B5BD-7C3C3F333835}.Debug|Any CPU.Build.0 = Debug|Any CPU
		{B6C011DF-0C6B-4A3C-B5BD-7C3C3F333835}.Release|Any CPU.ActiveCfg = Release|Any CPU
		{B6C011DF-0C6B-4A3C-B5BD-7C3C3F333835}.Release|Any CPU.Build.0 = Release|Any CPU
		{885B30F3-708F-457F-A3A2-977170398DFE}.Debug|Any CPU.ActiveCfg = Debug|Any CPU
		{885B30F3-708F-457F-A3A2-977170398DFE}.Debug|Any CPU.Build.0 = Debug|Any CPU
		{885B30F3-708F-457F-A3A2-977170398DFE}.Release|Any CPU.ActiveCfg = Release|Any CPU
		{885B30F3-708F-457F-A3A2-977170398DFE}.Release|Any CPU.Build.0 = Release|Any CPU
	EndGlobalSection
EndGlobal
