
Microsoft Visual Studio Solution File, Format Version 12.00
Project("{F2A71F9B-5D33-465A-A702-920D77279786}") = "Fibonacci", "Fibonacci\Fibonacci.fsproj", "{96F3D2F5-F580-4033-B24C-3FDA10ACC3E0}"
EndProject
Project("{F2A71F9B-5D33-465A-A702-920D77279786}") = "Fibonacci.Tests", "Fibonacci.Tests\Fibonacci.Tests.fsproj", "{00E6311A-F706-4B1A-807A-AD6F846B0442}"
EndProject
Global
	GlobalSection(SolutionConfigurationPlatforms) = preSolution
		Debug|Any CPU = Debug|Any CPU
		Release|Any CPU = Release|Any CPU
	EndGlobalSection
	GlobalSection(ProjectConfigurationPlatforms) = postSolution
		{96F3D2F5-F580-4033-B24C-3FDA10ACC3E0}.Debug|Any CPU.ActiveCfg = Debug|Any CPU
		{96F3D2F5-F580-4033-B24C-3FDA10ACC3E0}.Debug|Any CPU.Build.0 = Debug|Any CPU
		{96F3D2F5-F580-4033-B24C-3FDA10ACC3E0}.Release|Any CPU.ActiveCfg = Release|Any CPU
		{96F3D2F5-F580-4033-B24C-3FDA10ACC3E0}.Release|Any CPU.Build.0 = Release|Any CPU
		{00E6311A-F706-4B1A-807A-AD6F846B0442}.Debug|Any CPU.ActiveCfg = Debug|Any CPU
		{00E6311A-F706-4B1A-807A-AD6F846B0442}.Debug|Any CPU.Build.0 = Debug|Any CPU
		{00E6311A-F706-4B1A-807A-AD6F846B0442}.Release|Any CPU.ActiveCfg = Release|Any CPU
		{00E6311A-F706-4B1A-807A-AD6F846B0442}.Release|Any CPU.Build.0 = Release|Any CPU
	EndGlobalSection
EndGlobal
