
Microsoft Visual Studio Solution File, Format Version 12.00
Project("{F2A71F9B-5D33-465A-A702-920D77279786}") = "LocalNetwork", "LocalNetwork\LocalNetwork.fsproj", "{5C023C6A-7A3C-41BB-8265-F2D152443A03}"
EndProject
Project("{F2A71F9B-5D33-465A-A702-920D77279786}") = "LocalNetwork.Tests", "LocalNetwork.Tests\LocalNetwork.Tests.fsproj", "{391609F3-E451-453E-8C30-ABB4E2AC359C}"
EndProject
Global
	GlobalSection(SolutionConfigurationPlatforms) = preSolution
		Debug|Any CPU = Debug|Any CPU
		Release|Any CPU = Release|Any CPU
	EndGlobalSection
	GlobalSection(ProjectConfigurationPlatforms) = postSolution
		{5C023C6A-7A3C-41BB-8265-F2D152443A03}.Debug|Any CPU.ActiveCfg = Debug|Any CPU
		{5C023C6A-7A3C-41BB-8265-F2D152443A03}.Debug|Any CPU.Build.0 = Debug|Any CPU
		{5C023C6A-7A3C-41BB-8265-F2D152443A03}.Release|Any CPU.ActiveCfg = Release|Any CPU
		{5C023C6A-7A3C-41BB-8265-F2D152443A03}.Release|Any CPU.Build.0 = Release|Any CPU
		{391609F3-E451-453E-8C30-ABB4E2AC359C}.Debug|Any CPU.ActiveCfg = Debug|Any CPU
		{391609F3-E451-453E-8C30-ABB4E2AC359C}.Debug|Any CPU.Build.0 = Debug|Any CPU
		{391609F3-E451-453E-8C30-ABB4E2AC359C}.Release|Any CPU.ActiveCfg = Release|Any CPU
		{391609F3-E451-453E-8C30-ABB4E2AC359C}.Release|Any CPU.Build.0 = Release|Any CPU
	EndGlobalSection
EndGlobal
